// !$*UTF8*$!
{
	archiveVersion = 1;
	classes = {
	};
	objectVersion = 56;
	objects = {

/* Begin PBXBuildFile section */
		096A6BB92C377C4B0066100D /* SwiftulCyptoApp.swift in Sources */ = {isa = PBXBuildFile; fileRef = 096A6BB82C377C4B0066100D /* SwiftulCyptoApp.swift */; };
		096A6BBB2C377C4B0066100D /* ContentView.swift in Sources */ = {isa = PBXBuildFile; fileRef = 096A6BBA2C377C4B0066100D /* ContentView.swift */; };
		096A6BBD2C377C4E0066100D /* Assets.xcassets in Resources */ = {isa = PBXBuildFile; fileRef = 096A6BBC2C377C4E0066100D /* Assets.xcassets */; };
		096A6BC02C377C4E0066100D /* Preview Assets.xcassets in Resources */ = {isa = PBXBuildFile; fileRef = 096A6BBF2C377C4E0066100D /* Preview Assets.xcassets */; };
		096A6BC82C3790B10066100D /* Color.swift in Sources */ = {isa = PBXBuildFile; fileRef = 096A6BC72C3790B10066100D /* Color.swift */; };
		096A6BCE2C38C61B0066100D /* HomeView.swift in Sources */ = {isa = PBXBuildFile; fileRef = 096A6BCD2C38C61B0066100D /* HomeView.swift */; };
		096A6BD22C38CEA40066100D /* CircleButtonView.swift in Sources */ = {isa = PBXBuildFile; fileRef = 096A6BD12C38CEA40066100D /* CircleButtonView.swift */; };
		096A6BD42C38DA4D0066100D /* CircleButtonAnimatinView.swift in Sources */ = {isa = PBXBuildFile; fileRef = 096A6BD32C38DA4D0066100D /* CircleButtonAnimatinView.swift */; };
/* End PBXBuildFile section */

/* Begin PBXFileReference section */
		096A6BB52C377C4B0066100D /* SwiftulCypto.app */ = {isa = PBXFileReference; explicitFileType = wrapper.application; includeInIndex = 0; path = SwiftulCypto.app; sourceTree = BUILT_PRODUCTS_DIR; };
		096A6BB82C377C4B0066100D /* SwiftulCyptoApp.swift */ = {isa = PBXFileReference; lastKnownFileType = sourcecode.swift; path = SwiftulCyptoApp.swift; sourceTree = "<group>"; };
		096A6BBA2C377C4B0066100D /* ContentView.swift */ = {isa = PBXFileReference; lastKnownFileType = sourcecode.swift; path = ContentView.swift; sourceTree = "<group>"; };
		096A6BBC2C377C4E0066100D /* Assets.xcassets */ = {isa = PBXFileReference; lastKnownFileType = folder.assetcatalog; path = Assets.xcassets; sourceTree = "<group>"; };
		096A6BBF2C377C4E0066100D /* Preview Assets.xcassets */ = {isa = PBXFileReference; lastKnownFileType = folder.assetcatalog; path = "Preview Assets.xcassets"; sourceTree = "<group>"; };
		096A6BC72C3790B10066100D /* Color.swift */ = {isa = PBXFileReference; lastKnownFileType = sourcecode.swift; path = Color.swift; sourceTree = "<group>"; };
		096A6BCD2C38C61B0066100D /* HomeView.swift */ = {isa = PBXFileReference; lastKnownFileType = sourcecode.swift; path = HomeView.swift; sourceTree = "<group>"; };
		096A6BD12C38CEA40066100D /* CircleButtonView.swift */ = {isa = PBXFileReference; lastKnownFileType = sourcecode.swift; path = CircleButtonView.swift; sourceTree = "<group>"; };
		096A6BD32C38DA4D0066100D /* CircleButtonAnimatinView.swift */ = {isa = PBXFileReference; lastKnownFileType = sourcecode.swift; path = CircleButtonAnimatinView.swift; sourceTree = "<group>"; };
/* End PBXFileReference section */

/* Begin PBXFrameworksBuildPhase section */
		096A6BB22C377C4B0066100D /* Frameworks */ = {
			isa = PBXFrameworksBuildPhase;
			buildActionMask = 2147483647;
			files = (
			);
			runOnlyForDeploymentPostprocessing = 0;
		};
/* End PBXFrameworksBuildPhase section */

/* Begin PBXGroup section */
		096A6BAC2C377C4B0066100D = {
			isa = PBXGroup;
			children = (
				096A6BB72C377C4B0066100D /* SwiftulCypto */,
				096A6BB62C377C4B0066100D /* Products */,
			);
			sourceTree = "<group>";
		};
		096A6BB62C377C4B0066100D /* Products */ = {
			isa = PBXGroup;
			children = (
				096A6BB52C377C4B0066100D /* SwiftulCypto.app */,
			);
			name = Products;
			sourceTree = "<group>";
		};
		096A6BB72C377C4B0066100D /* SwiftulCypto */ = {
			isa = PBXGroup;
			children = (
				096A6BB82C377C4B0066100D /* SwiftulCyptoApp.swift */,
				096A6BC62C3790720066100D /* Extensions */,
				096A6BD52C38EF390066100D /* Models */,
				096A6BC92C38C5C80066100D /* Core */,
				096A6BBA2C377C4B0066100D /* ContentView.swift */,
				096A6BBC2C377C4E0066100D /* Assets.xcassets */,
				096A6BBE2C377C4E0066100D /* Preview Content */,
			);
			path = SwiftulCypto;
			sourceTree = "<group>";
		};
		096A6BBE2C377C4E0066100D /* Preview Content */ = {
			isa = PBXGroup;
			children = (
				096A6BBF2C377C4E0066100D /* Preview Assets.xcassets */,
			);
			path = "Preview Content";
			sourceTree = "<group>";
		};
		096A6BC62C3790720066100D /* Extensions */ = {
			isa = PBXGroup;
			children = (
				096A6BC72C3790B10066100D /* Color.swift */,
			);
			path = Extensions;
			sourceTree = "<group>";
		};
		096A6BC92C38C5C80066100D /* Core */ = {
			isa = PBXGroup;
			children = (
				096A6BCF2C38CE6F0066100D /* Components */,
				096A6BCA2C38C5E50066100D /* Home */,
			);
			path = Core;
			sourceTree = "<group>";
		};
		096A6BCA2C38C5E50066100D /* Home */ = {
			isa = PBXGroup;
			children = (
				096A6BCC2C38C5F70066100D /* ViewModels */,
				096A6BCB2C38C5ED0066100D /* Views */,
			);
			path = Home;
			sourceTree = "<group>";
		};
		096A6BCB2C38C5ED0066100D /* Views */ = {
			isa = PBXGroup;
			children = (
				096A6BCD2C38C61B0066100D /* HomeView.swift */,
			);
			path = Views;
			sourceTree = "<group>";
		};
		096A6BCC2C38C5F70066100D /* ViewModels */ = {
			isa = PBXGroup;
			children = (
			);
			path = ViewModels;
			sourceTree = "<group>";
		};
		096A6BCF2C38CE6F0066100D /* Components */ = {
			isa = PBXGroup;
			children = (
				096A6BD02C38CE820066100D /* CircleButton */,
			);
			path = Components;
			sourceTree = "<group>";
		};
		096A6BD02C38CE820066100D /* CircleButton */ = {
			isa = PBXGroup;
			children = (
				096A6BD12C38CEA40066100D /* CircleButtonView.swift */,
				096A6BD32C38DA4D0066100D /* CircleButtonAnimatinView.swift */,
			);
			path = CircleButton;
			sourceTree = "<group>";
		};
		096A6BD52C38EF390066100D /* Models */ = {
			isa = PBXGroup;
			children = (
			);
			path = Models;
			sourceTree = "<group>";
		};
/* End PBXGroup section */

/* Begin PBXNativeTarget section */
		096A6BB42C377C4B0066100D /* SwiftulCypto */ = {
			isa = PBXNativeTarget;
			buildConfigurationList = 096A6BC32C377C4E0066100D /* Build configuration list for PBXNativeTarget "SwiftulCypto" */;
			buildPhases = (
				096A6BB12C377C4B0066100D /* Sources */,
				096A6BB22C377C4B0066100D /* Frameworks */,
				096A6BB32C377C4B0066100D /* Resources */,
			);
			buildRules = (
			);
			dependencies = (
			);
			name = SwiftulCypto;
			productName = SwiftulCypto;
			productReference = 096A6BB52C377C4B0066100D /* SwiftulCypto.app */;
			productType = "com.apple.product-type.application";
		};
/* End PBXNativeTarget section */

/* Begin PBXProject section */
		096A6BAD2C377C4B0066100D /* Project object */ = {
			isa = PBXProject;
			attributes = {
				BuildIndependentTargetsInParallel = 1;
				LastSwiftUpdateCheck = 1540;
				LastUpgradeCheck = 1540;
				TargetAttributes = {
					096A6BB42C377C4B0066100D = {
						CreatedOnToolsVersion = 15.4;
					};
				};
			};
			buildConfigurationList = 096A6BB02C377C4B0066100D /* Build configuration list for PBXProject "SwiftulCypto" */;
			compatibilityVersion = "Xcode 14.0";
			developmentRegion = en;
			hasScannedForEncodings = 0;
			knownRegions = (
				en,
				Base,
			);
			mainGroup = 096A6BAC2C377C4B0066100D;
			productRefGroup = 096A6BB62C377C4B0066100D /* Products */;
			projectDirPath = "";
			projectRoot = "";
			targets = (
				096A6BB42C377C4B0066100D /* SwiftulCypto */,
			);
		};
/* End PBXProject section */

/* Begin PBXResourcesBuildPhase section */
		096A6BB32C377C4B0066100D /* Resources */ = {
			isa = PBXResourcesBuildPhase;
			buildActionMask = 2147483647;
			files = (
				096A6BC02C377C4E0066100D /* Preview Assets.xcassets in Resources */,
				096A6BBD2C377C4E0066100D /* Assets.xcassets in Resources */,
			);
			runOnlyForDeploymentPostprocessing = 0;
		};
/* End PBXResourcesBuildPhase section */

/* Begin PBXSourcesBuildPhase section */
		096A6BB12C377C4B0066100D /* Sources */ = {
			isa = PBXSourcesBuildPhase;
			buildActionMask = 2147483647;
			files = (
				096A6BBB2C377C4B0066100D /* ContentView.swift in Sources */,
				096A6BD42C38DA4D0066100D /* CircleButtonAnimatinView.swift in Sources */,
				096A6BCE2C38C61B0066100D /* HomeView.swift in Sources */,
				096A6BB92C377C4B0066100D /* SwiftulCyptoApp.swift in Sources */,
				096A6BD22C38CEA40066100D /* CircleButtonView.swift in Sources */,
				096A6BC82C3790B10066100D /* Color.swift in Sources */,
			);
			runOnlyForDeploymentPostprocessing = 0;
		};
/* End PBXSourcesBuildPhase section */

/* Begin XCBuildConfiguration section */
		096A6BC12C377C4E0066100D /* Debug */ = {
			isa = XCBuildConfiguration;
			buildSettings = {
				ALWAYS_SEARCH_USER_PATHS = NO;
				ASSETCATALOG_COMPILER_GENERATE_SWIFT_ASSET_SYMBOL_EXTENSIONS = YES;
				CLANG_ANALYZER_NONNULL = YES;
				CLANG_ANALYZER_NUMBER_OBJECT_CONVERSION = YES_AGGRESSIVE;
				CLANG_CXX_LANGUAGE_STANDARD = "gnu++20";
				CLANG_ENABLE_MODULES = YES;
				CLANG_ENABLE_OBJC_ARC = YES;
				CLANG_ENABLE_OBJC_WEAK = YES;
				CLANG_WARN_BLOCK_CAPTURE_AUTORELEASING = YES;
				CLANG_WARN_BOOL_CONVERSION = YES;
				CLANG_WARN_COMMA = YES;
				CLANG_WARN_CONSTANT_CONVERSION = YES;
				CLANG_WARN_DEPRECATED_OBJC_IMPLEMENTATIONS = YES;
				CLANG_WARN_DIRECT_OBJC_ISA_USAGE = YES_ERROR;
				CLANG_WARN_DOCUMENTATION_COMMENTS = YES;
				CLANG_WARN_EMPTY_BODY = YES;
				CLANG_WARN_ENUM_CONVERSION = YES;
				CLANG_WARN_INFINITE_RECURSION = YES;
				CLANG_WARN_INT_CONVERSION = YES;
				CLANG_WARN_NON_LITERAL_NULL_CONVERSION = YES;
				CLANG_WARN_OBJC_IMPLICIT_RETAIN_SELF = YES;
				CLANG_WARN_OBJC_LITERAL_CONVERSION = YES;
				CLANG_WARN_OBJC_ROOT_CLASS = YES_ERROR;
				CLANG_WARN_QUOTED_INCLUDE_IN_FRAMEWORK_HEADER = YES;
				CLANG_WARN_RANGE_LOOP_ANALYSIS = YES;
				CLANG_WARN_STRICT_PROTOTYPES = YES;
				CLANG_WARN_SUSPICIOUS_MOVE = YES;
				CLANG_WARN_UNGUARDED_AVAILABILITY = YES_AGGRESSIVE;
				CLANG_WARN_UNREACHABLE_CODE = YES;
				CLANG_WARN__DUPLICATE_METHOD_MATCH = YES;
				COPY_PHASE_STRIP = NO;
				DEBUG_INFORMATION_FORMAT = dwarf;
				ENABLE_STRICT_OBJC_MSGSEND = YES;
				ENABLE_TESTABILITY = YES;
				ENABLE_USER_SCRIPT_SANDBOXING = YES;
				GCC_C_LANGUAGE_STANDARD = gnu17;
				GCC_DYNAMIC_NO_PIC = NO;
				GCC_NO_COMMON_BLOCKS = YES;
				GCC_OPTIMIZATION_LEVEL = 0;
				GCC_PREPROCESSOR_DEFINITIONS = (
					"DEBUG=1",
					"$(inherited)",
				);
				GCC_WARN_64_TO_32_BIT_CONVERSION = YES;
				GCC_WARN_ABOUT_RETURN_TYPE = YES_ERROR;
				GCC_WARN_UNDECLARED_SELECTOR = YES;
				GCC_WARN_UNINITIALIZED_AUTOS = YES_AGGRESSIVE;
				GCC_WARN_UNUSED_FUNCTION = YES;
				GCC_WARN_UNUSED_VARIABLE = YES;
				IPHONEOS_DEPLOYMENT_TARGET = 17.5;
				LOCALIZATION_PREFERS_STRING_CATALOGS = YES;
				MTL_ENABLE_DEBUG_INFO = INCLUDE_SOURCE;
				MTL_FAST_MATH = YES;
				ONLY_ACTIVE_ARCH = YES;
				SDKROOT = iphoneos;
				SWIFT_ACTIVE_COMPILATION_CONDITIONS = "DEBUG $(inherited)";
				SWIFT_OPTIMIZATION_LEVEL = "-Onone";
			};
			name = Debug;
		};
		096A6BC22C377C4E0066100D /* Release */ = {
			isa = XCBuildConfiguration;
			buildSettings = {
				ALWAYS_SEARCH_USER_PATHS = NO;
				ASSETCATALOG_COMPILER_GENERATE_SWIFT_ASSET_SYMBOL_EXTENSIONS = YES;
				CLANG_ANALYZER_NONNULL = YES;
				CLANG_ANALYZER_NUMBER_OBJECT_CONVERSION = YES_AGGRESSIVE;
				CLANG_CXX_LANGUAGE_STANDARD = "gnu++20";
				CLANG_ENABLE_MODULES = YES;
				CLANG_ENABLE_OBJC_ARC = YES;
				CLANG_ENABLE_OBJC_WEAK = YES;
				CLANG_WARN_BLOCK_CAPTURE_AUTORELEASING = YES;
				CLANG_WARN_BOOL_CONVERSION = YES;
				CLANG_WARN_COMMA = YES;
				CLANG_WARN_CONSTANT_CONVERSION = YES;
				CLANG_WARN_DEPRECATED_OBJC_IMPLEMENTATIONS = YES;
				CLANG_WARN_DIRECT_OBJC_ISA_USAGE = YES_ERROR;
				CLANG_WARN_DOCUMENTATION_COMMENTS = YES;
				CLANG_WARN_EMPTY_BODY = YES;
				CLANG_WARN_ENUM_CONVERSION = YES;
				CLANG_WARN_INFINITE_RECURSION = YES;
				CLANG_WARN_INT_CONVERSION = YES;
				CLANG_WARN_NON_LITERAL_NULL_CONVERSION = YES;
				CLANG_WARN_OBJC_IMPLICIT_RETAIN_SELF = YES;
				CLANG_WARN_OBJC_LITERAL_CONVERSION = YES;
				CLANG_WARN_OBJC_ROOT_CLASS = YES_ERROR;
				CLANG_WARN_QUOTED_INCLUDE_IN_FRAMEWORK_HEADER = YES;
				CLANG_WARN_RANGE_LOOP_ANALYSIS = YES;
				CLANG_WARN_STRICT_PROTOTYPES = YES;
				CLANG_WARN_SUSPICIOUS_MOVE = YES;
				CLANG_WARN_UNGUARDED_AVAILABILITY = YES_AGGRESSIVE;
				CLANG_WARN_UNREACHABLE_CODE = YES;
				CLANG_WARN__DUPLICATE_METHOD_MATCH = YES;
				COPY_PHASE_STRIP = NO;
				DEBUG_INFORMATION_FORMAT = "dwarf-with-dsym";
				ENABLE_NS_ASSERTIONS = NO;
				ENABLE_STRICT_OBJC_MSGSEND = YES;
				ENABLE_USER_SCRIPT_SANDBOXING = YES;
				GCC_C_LANGUAGE_STANDARD = gnu17;
				GCC_NO_COMMON_BLOCKS = YES;
				GCC_WARN_64_TO_32_BIT_CONVERSION = YES;
				GCC_WARN_ABOUT_RETURN_TYPE = YES_ERROR;
				GCC_WARN_UNDECLARED_SELECTOR = YES;
				GCC_WARN_UNINITIALIZED_AUTOS = YES_AGGRESSIVE;
				GCC_WARN_UNUSED_FUNCTION = YES;
				GCC_WARN_UNUSED_VARIABLE = YES;
				IPHONEOS_DEPLOYMENT_TARGET = 17.5;
				LOCALIZATION_PREFERS_STRING_CATALOGS = YES;
				MTL_ENABLE_DEBUG_INFO = NO;
				MTL_FAST_MATH = YES;
				SDKROOT = iphoneos;
				SWIFT_COMPILATION_MODE = wholemodule;
				VALIDATE_PRODUCT = YES;
			};
			name = Release;
		};
		096A6BC42C377C4E0066100D /* Debug */ = {
			isa = XCBuildConfiguration;
			buildSettings = {
				ASSETCATALOG_COMPILER_APPICON_NAME = AppIcon;
				ASSETCATALOG_COMPILER_GLOBAL_ACCENT_COLOR_NAME = AccentColor;
				CODE_SIGN_STYLE = Automatic;
				CURRENT_PROJECT_VERSION = 1;
				DEVELOPMENT_ASSET_PATHS = "\"SwiftulCypto/Preview Content\"";
				DEVELOPMENT_TEAM = 6RF5D72QWG;
				ENABLE_PREVIEWS = YES;
				GENERATE_INFOPLIST_FILE = YES;
				INFOPLIST_KEY_CFBundleDisplayName = "crypto Tracker";
				INFOPLIST_KEY_UIApplicationSceneManifest_Generation = YES;
				INFOPLIST_KEY_UIApplicationSupportsIndirectInputEvents = YES;
				INFOPLIST_KEY_UILaunchScreen_Generation = YES;
				INFOPLIST_KEY_UISupportedInterfaceOrientations_iPad = "UIInterfaceOrientationPortrait UIInterfaceOrientationPortraitUpsideDown UIInterfaceOrientationLandscapeLeft UIInterfaceOrientationLandscapeRight";
				INFOPLIST_KEY_UISupportedInterfaceOrientations_iPhone = "UIInterfaceOrientationPortrait UIInterfaceOrientationLandscapeLeft UIInterfaceOrientationLandscapeRight";
				LD_RUNPATH_SEARCH_PATHS = (
					"$(inherited)",
					"@executable_path/Frameworks",
				);
				MARKETING_VERSION = 1.0;
				PRODUCT_BUNDLE_IDENTIFIER = com.huruixing.SwiftulCypto;
				PRODUCT_NAME = "$(TARGET_NAME)";
				SWIFT_EMIT_LOC_STRINGS = YES;
				SWIFT_VERSION = 5.0;
				TARGETED_DEVICE_FAMILY = "1,2";
			};
			name = Debug;
		};
		096A6BC52C377C4E0066100D /* Release */ = {
			isa = XCBuildConfiguration;
			buildSettings = {
				ASSETCATALOG_COMPILER_APPICON_NAME = AppIcon;
				ASSETCATALOG_COMPILER_GLOBAL_ACCENT_COLOR_NAME = AccentColor;
				CODE_SIGN_STYLE = Automatic;
				CURRENT_PROJECT_VERSION = 1;
				DEVELOPMENT_ASSET_PATHS = "\"SwiftulCypto/Preview Content\"";
				DEVELOPMENT_TEAM = 6RF5D72QWG;
				ENABLE_PREVIEWS = YES;
				GENERATE_INFOPLIST_FILE = YES;
				INFOPLIST_KEY_CFBundleDisplayName = "crypto Tracker";
				INFOPLIST_KEY_UIApplicationSceneManifest_Generation = YES;
				INFOPLIST_KEY_UIApplicationSupportsIndirectInputEvents = YES;
				INFOPLIST_KEY_UILaunchScreen_Generation = YES;
				INFOPLIST_KEY_UISupportedInterfaceOrientations_iPad = "UIInterfaceOrientationPortrait UIInterfaceOrientationPortraitUpsideDown UIInterfaceOrientationLandscapeLeft UIInterfaceOrientationLandscapeRight";
				INFOPLIST_KEY_UISupportedInterfaceOrientations_iPhone = "UIInterfaceOrientationPortrait UIInterfaceOrientationLandscapeLeft UIInterfaceOrientationLandscapeRight";
				LD_RUNPATH_SEARCH_PATHS = (
					"$(inherited)",
					"@executable_path/Frameworks",
				);
				MARKETING_VERSION = 1.0;
				PRODUCT_BUNDLE_IDENTIFIER = com.huruixing.SwiftulCypto;
				PRODUCT_NAME = "$(TARGET_NAME)";
				SWIFT_EMIT_LOC_STRINGS = YES;
				SWIFT_VERSION = 5.0;
				TARGETED_DEVICE_FAMILY = "1,2";
			};
			name = Release;
		};
/* End XCBuildConfiguration section */

/* Begin XCConfigurationList section */
		096A6BB02C377C4B0066100D /* Build configuration list for PBXProject "SwiftulCypto" */ = {
			isa = XCConfigurationList;
			buildConfigurations = (
				096A6BC12C377C4E0066100D /* Debug */,
				096A6BC22C377C4E0066100D /* Release */,
			);
			defaultConfigurationIsVisible = 0;
			defaultConfigurationName = Release;
		};
		096A6BC32C377C4E0066100D /* Build configuration list for PBXNativeTarget "SwiftulCypto" */ = {
			isa = XCConfigurationList;
			buildConfigurations = (
				096A6BC42C377C4E0066100D /* Debug */,
				096A6BC52C377C4E0066100D /* Release */,
			);
			defaultConfigurationIsVisible = 0;
			defaultConfigurationName = Release;
		};
/* End XCConfigurationList section */
	};
	rootObject = 096A6BAD2C377C4B0066100D /* Project object */;
}
